// !$*UTF8*$!
{
	archiveVersion = 1;
	classes = {
	};
	objectVersion = 46;
	objects = {

/* Begin PBXBuildFile section */
		140FC1CF17D81C7600E19384 /* J\U2660.jpg in Resources */ = {isa = PBXBuildFile; fileRef = 140FC1B717D81C7600E19384 /* J\U2660.jpg */; };
		140FC1D017D81C7600E19384 /* J\U2660@2x.jpg in Resources */ = {isa = PBXBuildFile; fileRef = 140FC1B817D81C7600E19384 /* J\U2660@2x.jpg */; };
		140FC1D117D81C7600E19384 /* J\U2663.jpg in Resources */ = {isa = PBXBuildFile; fileRef = 140FC1B917D81C7600E19384 /* J\U2663.jpg */; };
		140FC1D217D81C7600E19384 /* J\U2663@2x.jpg in Resources */ = {isa = PBXBuildFile; fileRef = 140FC1BA17D81C7600E19384 /* J\U2663@2x.jpg */; };
		140FC1D317D81C7600E19384 /* J\U2665.jpg in Resources */ = {isa = PBXBuildFile; fileRef = 140FC1BB17D81C7600E19384 /* J\U2665.jpg */; };
		140FC1D417D81C7600E19384 /* J\U2665@2x.jpg in Resources */ = {isa = PBXBuildFile; fileRef = 140FC1BC17D81C7600E19384 /* J\U2665@2x.jpg */; };
		140FC1D517D81C7600E19384 /* J\U2666.jpg in Resources */ = {isa = PBXBuildFile; fileRef = 140FC1BD17D81C7600E19384 /* J\U2666.jpg */; };
		140FC1D617D81C7600E19384 /* J\U2666@2x.jpg in Resources */ = {isa = PBXBuildFile; fileRef = 140FC1BE17D81C7600E19384 /* J\U2666@2x.jpg */; };
		140FC1D717D81C7600E19384 /* K\U2660.jpg in Resources */ = {isa = PBXBuildFile; fileRef = 140FC1BF17D81C7600E19384 /* K\U2660.jpg */; };
		140FC1D817D81C7600E19384 /* K\U2660@2x.jpg in Resources */ = {isa = PBXBuildFile; fileRef = 140FC1C017D81C7600E19384 /* K\U2660@2x.jpg */; };
		140FC1D917D81C7600E19384 /* K\U2663.jpg in Resources */ = {isa = PBXBuildFile; fileRef = 140FC1C117D81C7600E19384 /* K\U2663.jpg */; };
		140FC1DA17D81C7600E19384 /* K\U2663@2x.jpg in Resources */ = {isa = PBXBuildFile; fileRef = 140FC1C217D81C7600E19384 /* K\U2663@2x.jpg */; };
		140FC1DB17D81C7600E19384 /* K\U2665.jpg in Resources */ = {isa = PBXBuildFile; fileRef = 140FC1C317D81C7600E19384 /* K\U2665.jpg */; };
		140FC1DC17D81C7600E19384 /* K\U2665@2x.jpg in Resources */ = {isa = PBXBuildFile; fileRef = 140FC1C417D81C7600E19384 /* K\U2665@2x.jpg */; };
		140FC1DD17D81C7600E19384 /* K\U2666.jpg in Resources */ = {isa = PBXBuildFile; fileRef = 140FC1C517D81C7600E19384 /* K\U2666.jpg */; };
		140FC1DE17D81C7600E19384 /* K\U2666@2x.jpg in Resources */ = {isa = PBXBuildFile; fileRef = 140FC1C617D81C7600E19384 /* K\U2666@2x.jpg */; };
		140FC1DF17D81C7600E19384 /* Q\U2660.jpg in Resources */ = {isa = PBXBuildFile; fileRef = 140FC1C717D81C7600E19384 /* Q\U2660.jpg */; };
		140FC1E017D81C7600E19384 /* Q\U2660@2x.jpg in Resources */ = {isa = PBXBuildFile; fileRef = 140FC1C817D81C7600E19384 /* Q\U2660@2x.jpg */; };
		140FC1E117D81C7600E19384 /* Q\U2663.jpg in Resources */ = {isa = PBXBuildFile; fileRef = 140FC1C917D81C7600E19384 /* Q\U2663.jpg */; };
		140FC1E217D81C7600E19384 /* Q\U2663@2x.jpg in Resources */ = {isa = PBXBuildFile; fileRef = 140FC1CA17D81C7600E19384 /* Q\U2663@2x.jpg */; };
		140FC1E317D81C7600E19384 /* Q\U2665.jpg in Resources */ = {isa = PBXBuildFile; fileRef = 140FC1CB17D81C7600E19384 /* Q\U2665.jpg */; };
		140FC1E417D81C7600E19384 /* Q\U2665@2x.jpg in Resources */ = {isa = PBXBuildFile; fileRef = 140FC1CC17D81C7600E19384 /* Q\U2665@2x.jpg */; };
		140FC1E517D81C7600E19384 /* Q\U2666.jpg in Resources */ = {isa = PBXBuildFile; fileRef = 140FC1CD17D81C7600E19384 /* Q\U2666.jpg */; };
		140FC1E617D81C7600E19384 /* Q\U2666@2x.jpg in Resources */ = {isa = PBXBuildFile; fileRef = 140FC1CE17D81C7600E19384 /* Q\U2666@2x.jpg */; };
		1467657D17D6B1F600BECC4A /* PlayingCardView.m in Sources */ = {isa = PBXBuildFile; fileRef = 1467657C17D6B1F600BECC4A /* PlayingCardView.m */; };
		1467658017D6B94C00BECC4A /* SuperPlayingCardViewController.m in Sources */ = {isa = PBXBuildFile; fileRef = 1467657F17D6B94C00BECC4A /* SuperPlayingCardViewController.m */; };
		1476292B17DC439D00234DE4 /* SetCardCollectionViewCell.m in Sources */ = {isa = PBXBuildFile; fileRef = 1476292A17DC439D00234DE4 /* SetCardCollectionViewCell.m */; };
		14810D1817D6F7B6008C7799 /* cardback.png in Resources */ = {isa = PBXBuildFile; fileRef = 14810D1717D6F7B6008C7799 /* cardback.png */; };
		1489385517DBA8FD0093A1A8 /* SetCardVew.m in Sources */ = {isa = PBXBuildFile; fileRef = 1489385417DBA8FD0093A1A8 /* SetCardVew.m */; };
		1489385817DBB8890093A1A8 /* SuperSetCardViewController.m in Sources */ = {isa = PBXBuildFile; fileRef = 1489385717DBB8880093A1A8 /* SuperSetCardViewController.m */; };
		14938E8017CA82C400B5CFBA /* FlipResult.m in Sources */ = {isa = PBXBuildFile; fileRef = 14938E7F17CA82C400B5CFBA /* FlipResult.m */; };
		14938E8317CAFB5800B5CFBA /* SetCardGameViewController.m in Sources */ = {isa = PBXBuildFile; fileRef = 14938E8217CAFB5800B5CFBA /* SetCardGameViewController.m */; };
		14938E8617CB027000B5CFBA /* SetCard.m in Sources */ = {isa = PBXBuildFile; fileRef = 14938E8517CB027000B5CFBA /* SetCard.m */; };
		14938E8917CC46BC00B5CFBA /* SetCardDeck.m in Sources */ = {isa = PBXBuildFile; fileRef = 14938E8817CC46BC00B5CFBA /* SetCardDeck.m */; };
		14938E8C17D296DC00B5CFBA /* PlayingCardGameViewController.m in Sources */ = {isa = PBXBuildFile; fileRef = 14938E8B17D296DC00B5CFBA /* PlayingCardGameViewController.m */; };
		149627C817D98F4700E76DC1 /* PlayingCardCollectionViewCell.m in Sources */ = {isa = PBXBuildFile; fileRef = 149627C717D98F4600E76DC1 /* PlayingCardCollectionViewCell.m */; };
		CFEA414717C05598000DE6CB /* CardMatchingGame.m in Sources */ = {isa = PBXBuildFile; fileRef = CFEA414617C05598000DE6CB /* CardMatchingGame.m */; };
		CFEB9DC117BE8AC2008FDE17 /* UIKit.framework in Frameworks */ = {isa = PBXBuildFile; fileRef = CFEB9DC017BE8AC2008FDE17 /* UIKit.framework */; };
		CFEB9DC317BE8AC2008FDE17 /* Foundation.framework in Frameworks */ = {isa = PBXBuildFile; fileRef = CFEB9DC217BE8AC2008FDE17 /* Foundation.framework */; };
		CFEB9DC517BE8AC2008FDE17 /* CoreGraphics.framework in Frameworks */ = {isa = PBXBuildFile; fileRef = CFEB9DC417BE8AC2008FDE17 /* CoreGraphics.framework */; };
		CFEB9DCB17BE8AC2008FDE17 /* InfoPlist.strings in Resources */ = {isa = PBXBuildFile; fileRef = CFEB9DC917BE8AC2008FDE17 /* InfoPlist.strings */; };
		CFEB9DCD17BE8AC2008FDE17 /* main.m in Sources */ = {isa = PBXBuildFile; fileRef = CFEB9DCC17BE8AC2008FDE17 /* main.m */; };
		CFEB9DD117BE8AC2008FDE17 /* CardGameAppDelegate.m in Sources */ = {isa = PBXBuildFile; fileRef = CFEB9DD017BE8AC2008FDE17 /* CardGameAppDelegate.m */; };
		CFEB9DD317BE8AC2008FDE17 /* Default.png in Resources */ = {isa = PBXBuildFile; fileRef = CFEB9DD217BE8AC2008FDE17 /* Default.png */; };
		CFEB9DD517BE8AC2008FDE17 /* Default@2x.png in Resources */ = {isa = PBXBuildFile; fileRef = CFEB9DD417BE8AC2008FDE17 /* Default@2x.png */; };
		CFEB9DD717BE8AC2008FDE17 /* Default-568h@2x.png in Resources */ = {isa = PBXBuildFile; fileRef = CFEB9DD617BE8AC2008FDE17 /* Default-568h@2x.png */; };
		CFEB9DDA17BE8AC2008FDE17 /* MainStoryboard.storyboard in Resources */ = {isa = PBXBuildFile; fileRef = CFEB9DD817BE8AC2008FDE17 /* MainStoryboard.storyboard */; };
		CFEB9DDD17BE8AC2008FDE17 /* CardGameViewController.m in Sources */ = {isa = PBXBuildFile; fileRef = CFEB9DDC17BE8AC2008FDE17 /* CardGameViewController.m */; };
		CFEB9DE517BE9A0A008FDE17 /* Card.m in Sources */ = {isa = PBXBuildFile; fileRef = CFEB9DE417BE9A0A008FDE17 /* Card.m */; };
		CFEB9DE817BE9A53008FDE17 /* Deck.m in Sources */ = {isa = PBXBuildFile; fileRef = CFEB9DE717BE9A53008FDE17 /* Deck.m */; };
		CFEB9DED17BF0C70008FDE17 /* PlayingCard.m in Sources */ = {isa = PBXBuildFile; fileRef = CFEB9DEC17BF0C70008FDE17 /* PlayingCard.m */; };
		CFEB9DF017BF4214008FDE17 /* PlayingCardDeck.m in Sources */ = {isa = PBXBuildFile; fileRef = CFEB9DEF17BF4214008FDE17 /* PlayingCardDeck.m */; };
/* End PBXBuildFile section */

/* Begin PBXFileReference section */
		140FC1B717D81C7600E19384 /* J\U2660.jpg */ = {isa = PBXFileReference; lastKnownFileType = image.jpeg; path = "J\\U2660.jpg"; sourceTree = "<group>"; };
		140FC1B817D81C7600E19384 /* J\U2660@2x.jpg */ = {isa = PBXFileReference; lastKnownFileType = image.jpeg; path = "J\\U2660@2x.jpg"; sourceTree = "<group>"; };
		140FC1B917D81C7600E19384 /* J\U2663.jpg */ = {isa = PBXFileReference; lastKnownFileType = image.jpeg; path = "J\\U2663.jpg"; sourceTree = "<group>"; };
		140FC1BA17D81C7600E19384 /* J\U2663@2x.jpg */ = {isa = PBXFileReference; lastKnownFileType = image.jpeg; path = "J\\U2663@2x.jpg"; sourceTree = "<group>"; };
		140FC1BB17D81C7600E19384 /* J\U2665.jpg */ = {isa = PBXFileReference; lastKnownFileType = image.jpeg; path = "J\\U2665.jpg"; sourceTree = "<group>"; };
		140FC1BC17D81C7600E19384 /* J\U2665@2x.jpg */ = {isa = PBXFileReference; lastKnownFileType = image.jpeg; path = "J\\U2665@2x.jpg"; sourceTree = "<group>"; };
		140FC1BD17D81C7600E19384 /* J\U2666.jpg */ = {isa = PBXFileReference; lastKnownFileType = image.jpeg; path = "J\\U2666.jpg"; sourceTree = "<group>"; };
		140FC1BE17D81C7600E19384 /* J\U2666@2x.jpg */ = {isa = PBXFileReference; lastKnownFileType = image.jpeg; path = "J\\U2666@2x.jpg"; sourceTree = "<group>"; };
		140FC1BF17D81C7600E19384 /* K\U2660.jpg */ = {isa = PBXFileReference; lastKnownFileType = image.jpeg; path = "K\\U2660.jpg"; sourceTree = "<group>"; };
		140FC1C017D81C7600E19384 /* K\U2660@2x.jpg */ = {isa = PBXFileReference; lastKnownFileType = image.jpeg; path = "K\\U2660@2x.jpg"; sourceTree = "<group>"; };
		140FC1C117D81C7600E19384 /* K\U2663.jpg */ = {isa = PBXFileReference; lastKnownFileType = image.jpeg; path = "K\\U2663.jpg"; sourceTree = "<group>"; };
		140FC1C217D81C7600E19384 /* K\U2663@2x.jpg */ = {isa = PBXFileReference; lastKnownFileType = image.jpeg; path = "K\\U2663@2x.jpg"; sourceTree = "<group>"; };
		140FC1C317D81C7600E19384 /* K\U2665.jpg */ = {isa = PBXFileReference; lastKnownFileType = image.jpeg; path = "K\\U2665.jpg"; sourceTree = "<group>"; };
		140FC1C417D81C7600E19384 /* K\U2665@2x.jpg */ = {isa = PBXFileReference; lastKnownFileType = image.jpeg; path = "K\\U2665@2x.jpg"; sourceTree = "<group>"; };
		140FC1C517D81C7600E19384 /* K\U2666.jpg */ = {isa = PBXFileReference; lastKnownFileType = image.jpeg; path = "K\\U2666.jpg"; sourceTree = "<group>"; };
		140FC1C617D81C7600E19384 /* K\U2666@2x.jpg */ = {isa = PBXFileReference; lastKnownFileType = image.jpeg; path = "K\\U2666@2x.jpg"; sourceTree = "<group>"; };
		140FC1C717D81C7600E19384 /* Q\U2660.jpg */ = {isa = PBXFileReference; lastKnownFileType = image.jpeg; path = "Q\\U2660.jpg"; sourceTree = "<group>"; };
		140FC1C817D81C7600E19384 /* Q\U2660@2x.jpg */ = {isa = PBXFileReference; lastKnownFileType = image.jpeg; path = "Q\\U2660@2x.jpg"; sourceTree = "<group>"; };
		140FC1C917D81C7600E19384 /* Q\U2663.jpg */ = {isa = PBXFileReference; lastKnownFileType = image.jpeg; path = "Q\\U2663.jpg"; sourceTree = "<group>"; };
		140FC1CA17D81C7600E19384 /* Q\U2663@2x.jpg */ = {isa = PBXFileReference; lastKnownFileType = image.jpeg; path = "Q\\U2663@2x.jpg"; sourceTree = "<group>"; };
		140FC1CB17D81C7600E19384 /* Q\U2665.jpg */ = {isa = PBXFileReference; lastKnownFileType = image.jpeg; path = "Q\\U2665.jpg"; sourceTree = "<group>"; };
		140FC1CC17D81C7600E19384 /* Q\U2665@2x.jpg */ = {isa = PBXFileReference; lastKnownFileType = image.jpeg; path = "Q\\U2665@2x.jpg"; sourceTree = "<group>"; };
		140FC1CD17D81C7600E19384 /* Q\U2666.jpg */ = {isa = PBXFileReference; lastKnownFileType = image.jpeg; path = "Q\\U2666.jpg"; sourceTree = "<group>"; };
		140FC1CE17D81C7600E19384 /* Q\U2666@2x.jpg */ = {isa = PBXFileReference; lastKnownFileType = image.jpeg; path = "Q\\U2666@2x.jpg"; sourceTree = "<group>"; };
		1467657B17D6B1F600BECC4A /* PlayingCardView.h */ = {isa = PBXFileReference; fileEncoding = 4; lastKnownFileType = sourcecode.c.h; path = PlayingCardView.h; sourceTree = "<group>"; };
		1467657C17D6B1F600BECC4A /* PlayingCardView.m */ = {isa = PBXFileReference; fileEncoding = 4; lastKnownFileType = sourcecode.c.objc; path = PlayingCardView.m; sourceTree = "<group>"; };
		1467657E17D6B94C00BECC4A /* SuperPlayingCardViewController.h */ = {isa = PBXFileReference; fileEncoding = 4; lastKnownFileType = sourcecode.c.h; path = SuperPlayingCardViewController.h; sourceTree = "<group>"; };
		1467657F17D6B94C00BECC4A /* SuperPlayingCardViewController.m */ = {isa = PBXFileReference; fileEncoding = 4; lastKnownFileType = sourcecode.c.objc; path = SuperPlayingCardViewController.m; sourceTree = "<group>"; };
		1476292917DC439D00234DE4 /* SetCardCollectionViewCell.h */ = {isa = PBXFileReference; fileEncoding = 4; lastKnownFileType = sourcecode.c.h; path = SetCardCollectionViewCell.h; sourceTree = "<group>"; };
		1476292A17DC439D00234DE4 /* SetCardCollectionViewCell.m */ = {isa = PBXFileReference; fileEncoding = 4; lastKnownFileType = sourcecode.c.objc; path = SetCardCollectionViewCell.m; sourceTree = "<group>"; };
		14810D1717D6F7B6008C7799 /* cardback.png */ = {isa = PBXFileReference; lastKnownFileType = image.png; path = cardback.png; sourceTree = "<group>"; };
		1489385317DBA8FD0093A1A8 /* SetCardVew.h */ = {isa = PBXFileReference; fileEncoding = 4; lastKnownFileType = sourcecode.c.h; path = SetCardVew.h; sourceTree = "<group>"; };
		1489385417DBA8FD0093A1A8 /* SetCardVew.m */ = {isa = PBXFileReference; fileEncoding = 4; lastKnownFileType = sourcecode.c.objc; path = SetCardVew.m; sourceTree = "<group>"; };
		1489385617DBB8880093A1A8 /* SuperSetCardViewController.h */ = {isa = PBXFileReference; fileEncoding = 4; lastKnownFileType = sourcecode.c.h; path = SuperSetCardViewController.h; sourceTree = "<group>"; };
		1489385717DBB8880093A1A8 /* SuperSetCardViewController.m */ = {isa = PBXFileReference; fileEncoding = 4; lastKnownFileType = sourcecode.c.objc; path = SuperSetCardViewController.m; sourceTree = "<group>"; };
		14938E7E17CA82C400B5CFBA /* FlipResult.h */ = {isa = PBXFileReference; fileEncoding = 4; lastKnownFileType = sourcecode.c.h; name = FlipResult.h; path = Model/FlipResult.h; sourceTree = "<group>"; };
		14938E7F17CA82C400B5CFBA /* FlipResult.m */ = {isa = PBXFileReference; fileEncoding = 4; lastKnownFileType = sourcecode.c.objc; name = FlipResult.m; path = Model/FlipResult.m; sourceTree = "<group>"; };
		14938E8117CAFB5800B5CFBA /* SetCardGameViewController.h */ = {isa = PBXFileReference; fileEncoding = 4; lastKnownFileType = sourcecode.c.h; path = SetCardGameViewController.h; sourceTree = "<group>"; };
		14938E8217CAFB5800B5CFBA /* SetCardGameViewController.m */ = {isa = PBXFileReference; fileEncoding = 4; lastKnownFileType = sourcecode.c.objc; path = SetCardGameViewController.m; sourceTree = "<group>"; };
		14938E8417CB027000B5CFBA /* SetCard.h */ = {isa = PBXFileReference; fileEncoding = 4; lastKnownFileType = sourcecode.c.h; name = SetCard.h; path = Model/SetCard.h; sourceTree = "<group>"; };
		14938E8517CB027000B5CFBA /* SetCard.m */ = {isa = PBXFileReference; fileEncoding = 4; lastKnownFileType = sourcecode.c.objc; name = SetCard.m; path = Model/SetCard.m; sourceTree = "<group>"; };
		14938E8717CC46BC00B5CFBA /* SetCardDeck.h */ = {isa = PBXFileReference; fileEncoding = 4; lastKnownFileType = sourcecode.c.h; name = SetCardDeck.h; path = Model/SetCardDeck.h; sourceTree = "<group>"; };
		14938E8817CC46BC00B5CFBA /* SetCardDeck.m */ = {isa = PBXFileReference; fileEncoding = 4; lastKnownFileType = sourcecode.c.objc; name = SetCardDeck.m; path = Model/SetCardDeck.m; sourceTree = "<group>"; };
		14938E8A17D296DC00B5CFBA /* PlayingCardGameViewController.h */ = {isa = PBXFileReference; fileEncoding = 4; lastKnownFileType = sourcecode.c.h; path = PlayingCardGameViewController.h; sourceTree = "<group>"; };
		14938E8B17D296DC00B5CFBA /* PlayingCardGameViewController.m */ = {isa = PBXFileReference; fileEncoding = 4; lastKnownFileType = sourcecode.c.objc; path = PlayingCardGameViewController.m; sourceTree = "<group>"; };
		149627C617D98F4600E76DC1 /* PlayingCardCollectionViewCell.h */ = {isa = PBXFileReference; fileEncoding = 4; lastKnownFileType = sourcecode.c.h; path = PlayingCardCollectionViewCell.h; sourceTree = "<group>"; };
		149627C717D98F4600E76DC1 /* PlayingCardCollectionViewCell.m */ = {isa = PBXFileReference; fileEncoding = 4; lastKnownFileType = sourcecode.c.objc; path = PlayingCardCollectionViewCell.m; sourceTree = "<group>"; };
		CFEA414517C05598000DE6CB /* CardMatchingGame.h */ = {isa = PBXFileReference; fileEncoding = 4; lastKnownFileType = sourcecode.c.h; name = CardMatchingGame.h; path = Model/CardMatchingGame.h; sourceTree = "<group>"; };
		CFEA414617C05598000DE6CB /* CardMatchingGame.m */ = {isa = PBXFileReference; fileEncoding = 4; lastKnownFileType = sourcecode.c.objc; name = CardMatchingGame.m; path = Model/CardMatchingGame.m; sourceTree = "<group>"; };
		CFEB9DBD17BE8AC2008FDE17 /* Matchismo.app */ = {isa = PBXFileReference; explicitFileType = wrapper.application; includeInIndex = 0; path = Matchismo.app; sourceTree = BUILT_PRODUCTS_DIR; };
		CFEB9DC017BE8AC2008FDE17 /* UIKit.framework */ = {isa = PBXFileReference; lastKnownFileType = wrapper.framework; name = UIKit.framework; path = System/Library/Frameworks/UIKit.framework; sourceTree = SDKROOT; };
		CFEB9DC217BE8AC2008FDE17 /* Foundation.framework */ = {isa = PBXFileReference; lastKnownFileType = wrapper.framework; name = Foundation.framework; path = System/Library/Frameworks/Foundation.framework; sourceTree = SDKROOT; };
		CFEB9DC417BE8AC2008FDE17 /* CoreGraphics.framework */ = {isa = PBXFileReference; lastKnownFileType = wrapper.framework; name = CoreGraphics.framework; path = System/Library/Frameworks/CoreGraphics.framework; sourceTree = SDKROOT; };
		CFEB9DC817BE8AC2008FDE17 /* Matchismo-Info.plist */ = {isa = PBXFileReference; lastKnownFileType = text.plist.xml; path = "Matchismo-Info.plist"; sourceTree = "<group>"; };
		CFEB9DCA17BE8AC2008FDE17 /* en */ = {isa = PBXFileReference; lastKnownFileType = text.plist.strings; name = en; path = en.lproj/InfoPlist.strings; sourceTree = "<group>"; };
		CFEB9DCC17BE8AC2008FDE17 /* main.m */ = {isa = PBXFileReference; lastKnownFileType = sourcecode.c.objc; path = main.m; sourceTree = "<group>"; };
		CFEB9DCE17BE8AC2008FDE17 /* Matchismo-Prefix.pch */ = {isa = PBXFileReference; lastKnownFileType = sourcecode.c.h; path = "Matchismo-Prefix.pch"; sourceTree = "<group>"; };
		CFEB9DCF17BE8AC2008FDE17 /* CardGameAppDelegate.h */ = {isa = PBXFileReference; lastKnownFileType = sourcecode.c.h; path = CardGameAppDelegate.h; sourceTree = "<group>"; };
		CFEB9DD017BE8AC2008FDE17 /* CardGameAppDelegate.m */ = {isa = PBXFileReference; lastKnownFileType = sourcecode.c.objc; path = CardGameAppDelegate.m; sourceTree = "<group>"; };
		CFEB9DD217BE8AC2008FDE17 /* Default.png */ = {isa = PBXFileReference; lastKnownFileType = image.png; path = Default.png; sourceTree = "<group>"; };
		CFEB9DD417BE8AC2008FDE17 /* Default@2x.png */ = {isa = PBXFileReference; lastKnownFileType = image.png; path = "Default@2x.png"; sourceTree = "<group>"; };
		CFEB9DD617BE8AC2008FDE17 /* Default-568h@2x.png */ = {isa = PBXFileReference; lastKnownFileType = image.png; path = "Default-568h@2x.png"; sourceTree = "<group>"; };
		CFEB9DD917BE8AC2008FDE17 /* en */ = {isa = PBXFileReference; lastKnownFileType = file.storyboard; name = en; path = en.lproj/MainStoryboard.storyboard; sourceTree = "<group>"; };
		CFEB9DDB17BE8AC2008FDE17 /* CardGameViewController.h */ = {isa = PBXFileReference; lastKnownFileType = sourcecode.c.h; path = CardGameViewController.h; sourceTree = "<group>"; };
		CFEB9DDC17BE8AC2008FDE17 /* CardGameViewController.m */ = {isa = PBXFileReference; lastKnownFileType = sourcecode.c.objc; path = CardGameViewController.m; sourceTree = "<group>"; };
		CFEB9DE317BE9A0A008FDE17 /* Card.h */ = {isa = PBXFileReference; fileEncoding = 4; lastKnownFileType = sourcecode.c.h; name = Card.h; path = Model/Card.h; sourceTree = "<group>"; };
		CFEB9DE417BE9A0A008FDE17 /* Card.m */ = {isa = PBXFileReference; fileEncoding = 4; lastKnownFileType = sourcecode.c.objc; name = Card.m; path = Model/Card.m; sourceTree = "<group>"; };
		CFEB9DE617BE9A53008FDE17 /* Deck.h */ = {isa = PBXFileReference; fileEncoding = 4; lastKnownFileType = sourcecode.c.h; name = Deck.h; path = Model/Deck.h; sourceTree = "<group>"; };
		CFEB9DE717BE9A53008FDE17 /* Deck.m */ = {isa = PBXFileReference; fileEncoding = 4; lastKnownFileType = sourcecode.c.objc; name = Deck.m; path = Model/Deck.m; sourceTree = "<group>"; };
		CFEB9DEB17BF0C70008FDE17 /* PlayingCard.h */ = {isa = PBXFileReference; fileEncoding = 4; lastKnownFileType = sourcecode.c.h; name = PlayingCard.h; path = Model/PlayingCard.h; sourceTree = "<group>"; };
		CFEB9DEC17BF0C70008FDE17 /* PlayingCard.m */ = {isa = PBXFileReference; fileEncoding = 4; lastKnownFileType = sourcecode.c.objc; name = PlayingCard.m; path = Model/PlayingCard.m; sourceTree = "<group>"; };
		CFEB9DEE17BF4214008FDE17 /* PlayingCardDeck.h */ = {isa = PBXFileReference; fileEncoding = 4; lastKnownFileType = sourcecode.c.h; name = PlayingCardDeck.h; path = Model/PlayingCardDeck.h; sourceTree = "<group>"; };
		CFEB9DEF17BF4214008FDE17 /* PlayingCardDeck.m */ = {isa = PBXFileReference; fileEncoding = 4; lastKnownFileType = sourcecode.c.objc; name = PlayingCardDeck.m; path = Model/PlayingCardDeck.m; sourceTree = "<group>"; };
/* End PBXFileReference section */

/* Begin PBXFrameworksBuildPhase section */
		CFEB9DBA17BE8AC2008FDE17 /* Frameworks */ = {
			isa = PBXFrameworksBuildPhase;
			buildActionMask = 2147483647;
			files = (
				CFEB9DC117BE8AC2008FDE17 /* UIKit.framework in Frameworks */,
				CFEB9DC317BE8AC2008FDE17 /* Foundation.framework in Frameworks */,
				CFEB9DC517BE8AC2008FDE17 /* CoreGraphics.framework in Frameworks */,
			);
			runOnlyForDeploymentPostprocessing = 0;
		};
/* End PBXFrameworksBuildPhase section */

/* Begin PBXGroup section */
		1476292C17DD151600234DE4 /* UITest */ = {
			isa = PBXGroup;
			children = (
				1467657E17D6B94C00BECC4A /* SuperPlayingCardViewController.h */,
				1467657F17D6B94C00BECC4A /* SuperPlayingCardViewController.m */,
				1489385617DBB8880093A1A8 /* SuperSetCardViewController.h */,
				1489385717DBB8880093A1A8 /* SuperSetCardViewController.m */,
			);
			name = UITest;
			sourceTree = "<group>";
		};
		14BCF9B517D6DB3600296BCE /* Face Card Images */ = {
			isa = PBXGroup;
			children = (
				140FC1B717D81C7600E19384 /* J\U2660.jpg */,
				140FC1B817D81C7600E19384 /* J\U2660@2x.jpg */,
				140FC1B917D81C7600E19384 /* J\U2663.jpg */,
				140FC1BA17D81C7600E19384 /* J\U2663@2x.jpg */,
				140FC1BB17D81C7600E19384 /* J\U2665.jpg */,
				140FC1BC17D81C7600E19384 /* J\U2665@2x.jpg */,
				140FC1BD17D81C7600E19384 /* J\U2666.jpg */,
				140FC1BE17D81C7600E19384 /* J\U2666@2x.jpg */,
				140FC1BF17D81C7600E19384 /* K\U2660.jpg */,
				140FC1C017D81C7600E19384 /* K\U2660@2x.jpg */,
				140FC1C117D81C7600E19384 /* K\U2663.jpg */,
				140FC1C217D81C7600E19384 /* K\U2663@2x.jpg */,
				140FC1C317D81C7600E19384 /* K\U2665.jpg */,
				140FC1C417D81C7600E19384 /* K\U2665@2x.jpg */,
				140FC1C517D81C7600E19384 /* K\U2666.jpg */,
				140FC1C617D81C7600E19384 /* K\U2666@2x.jpg */,
				140FC1C717D81C7600E19384 /* Q\U2660.jpg */,
				140FC1C817D81C7600E19384 /* Q\U2660@2x.jpg */,
				140FC1C917D81C7600E19384 /* Q\U2663.jpg */,
				140FC1CA17D81C7600E19384 /* Q\U2663@2x.jpg */,
				140FC1CB17D81C7600E19384 /* Q\U2665.jpg */,
				140FC1CC17D81C7600E19384 /* Q\U2665@2x.jpg */,
				140FC1CD17D81C7600E19384 /* Q\U2666.jpg */,
				140FC1CE17D81C7600E19384 /* Q\U2666@2x.jpg */,
			);
			path = "Face Card Images";
			sourceTree = "<group>";
		};
		CFEB9DB417BE8AC1008FDE17 = {
			isa = PBXGroup;
			children = (
				CFEB9DC617BE8AC2008FDE17 /* Matchismo */,
				CFEB9DBF17BE8AC2008FDE17 /* Frameworks */,
				CFEB9DBE17BE8AC2008FDE17 /* Products */,
			);
			sourceTree = "<group>";
		};
		CFEB9DBE17BE8AC2008FDE17 /* Products */ = {
			isa = PBXGroup;
			children = (
				CFEB9DBD17BE8AC2008FDE17 /* Matchismo.app */,
			);
			name = Products;
			sourceTree = "<group>";
		};
		CFEB9DBF17BE8AC2008FDE17 /* Frameworks */ = {
			isa = PBXGroup;
			children = (
				CFEB9DC017BE8AC2008FDE17 /* UIKit.framework */,
				CFEB9DC217BE8AC2008FDE17 /* Foundation.framework */,
				CFEB9DC417BE8AC2008FDE17 /* CoreGraphics.framework */,
			);
			name = Frameworks;
			sourceTree = "<group>";
		};
		CFEB9DC617BE8AC2008FDE17 /* Matchismo */ = {
			isa = PBXGroup;
			children = (
				1476292C17DD151600234DE4 /* UITest */,
				CFEB9DEA17BE9A91008FDE17 /* Model */,
				CFEB9DD817BE8AC2008FDE17 /* MainStoryboard.storyboard */,
				1467657B17D6B1F600BECC4A /* PlayingCardView.h */,
				1467657C17D6B1F600BECC4A /* PlayingCardView.m */,
				149627C617D98F4600E76DC1 /* PlayingCardCollectionViewCell.h */,
				149627C717D98F4600E76DC1 /* PlayingCardCollectionViewCell.m */,
				1489385317DBA8FD0093A1A8 /* SetCardVew.h */,
				1489385417DBA8FD0093A1A8 /* SetCardVew.m */,
				1476292917DC439D00234DE4 /* SetCardCollectionViewCell.h */,
				1476292A17DC439D00234DE4 /* SetCardCollectionViewCell.m */,
				CFEB9DDB17BE8AC2008FDE17 /* CardGameViewController.h */,
				CFEB9DDC17BE8AC2008FDE17 /* CardGameViewController.m */,
				14938E8A17D296DC00B5CFBA /* PlayingCardGameViewController.h */,
				14938E8B17D296DC00B5CFBA /* PlayingCardGameViewController.m */,
				14938E8117CAFB5800B5CFBA /* SetCardGameViewController.h */,
				14938E8217CAFB5800B5CFBA /* SetCardGameViewController.m */,
				CFEB9DC717BE8AC2008FDE17 /* Supporting Files */,
			);
			path = Matchismo;
			sourceTree = "<group>";
		};
		CFEB9DC717BE8AC2008FDE17 /* Supporting Files */ = {
			isa = PBXGroup;
			children = (
				14810D1717D6F7B6008C7799 /* cardback.png */,
				14BCF9B517D6DB3600296BCE /* Face Card Images */,
				CFEB9DCF17BE8AC2008FDE17 /* CardGameAppDelegate.h */,
				CFEB9DD017BE8AC2008FDE17 /* CardGameAppDelegate.m */,
				CFEB9DC817BE8AC2008FDE17 /* Matchismo-Info.plist */,
				CFEB9DC917BE8AC2008FDE17 /* InfoPlist.strings */,
				CFEB9DCC17BE8AC2008FDE17 /* main.m */,
				CFEB9DCE17BE8AC2008FDE17 /* Matchismo-Prefix.pch */,
				CFEB9DD217BE8AC2008FDE17 /* Default.png */,
				CFEB9DD417BE8AC2008FDE17 /* Default@2x.png */,
				CFEB9DD617BE8AC2008FDE17 /* Default-568h@2x.png */,
			);
			name = "Supporting Files";
			sourceTree = "<group>";
		};
		CFEB9DEA17BE9A91008FDE17 /* Model */ = {
			isa = PBXGroup;
			children = (
				CFEB9DE317BE9A0A008FDE17 /* Card.h */,
				CFEB9DE417BE9A0A008FDE17 /* Card.m */,
				CFEB9DE617BE9A53008FDE17 /* Deck.h */,
				CFEB9DE717BE9A53008FDE17 /* Deck.m */,
				CFEB9DEB17BF0C70008FDE17 /* PlayingCard.h */,
				CFEB9DEC17BF0C70008FDE17 /* PlayingCard.m */,
				CFEB9DEE17BF4214008FDE17 /* PlayingCardDeck.h */,
				CFEB9DEF17BF4214008FDE17 /* PlayingCardDeck.m */,
				CFEA414517C05598000DE6CB /* CardMatchingGame.h */,
				CFEA414617C05598000DE6CB /* CardMatchingGame.m */,
				14938E7E17CA82C400B5CFBA /* FlipResult.h */,
				14938E7F17CA82C400B5CFBA /* FlipResult.m */,
				14938E8417CB027000B5CFBA /* SetCard.h */,
				14938E8517CB027000B5CFBA /* SetCard.m */,
				14938E8717CC46BC00B5CFBA /* SetCardDeck.h */,
				14938E8817CC46BC00B5CFBA /* SetCardDeck.m */,
			);
			name = Model;
			sourceTree = "<group>";
		};
/* End PBXGroup section */

/* Begin PBXNativeTarget section */
		CFEB9DBC17BE8AC2008FDE17 /* Matchismo */ = {
			isa = PBXNativeTarget;
			buildConfigurationList = CFEB9DE017BE8AC2008FDE17 /* Build configuration list for PBXNativeTarget "Matchismo" */;
			buildPhases = (
				CFEB9DB917BE8AC2008FDE17 /* Sources */,
				CFEB9DBA17BE8AC2008FDE17 /* Frameworks */,
				CFEB9DBB17BE8AC2008FDE17 /* Resources */,
			);
			buildRules = (
			);
			dependencies = (
			);
			name = Matchismo;
			productName = Matchismo;
			productReference = CFEB9DBD17BE8AC2008FDE17 /* Matchismo.app */;
			productType = "com.apple.product-type.application";
		};
/* End PBXNativeTarget section */

/* Begin PBXProject section */
		CFEB9DB517BE8AC1008FDE17 /* Project object */ = {
			isa = PBXProject;
			attributes = {
				CLASSPREFIX = CardGame;
				LastUpgradeCheck = 0460;
				ORGANIZATIONNAME = "Stanford University";
			};
			buildConfigurationList = CFEB9DB817BE8AC1008FDE17 /* Build configuration list for PBXProject "Matchismo" */;
			compatibilityVersion = "Xcode 3.2";
			developmentRegion = English;
			hasScannedForEncodings = 0;
			knownRegions = (
				en,
			);
			mainGroup = CFEB9DB417BE8AC1008FDE17;
			productRefGroup = CFEB9DBE17BE8AC2008FDE17 /* Products */;
			projectDirPath = "";
			projectRoot = "";
			targets = (
				CFEB9DBC17BE8AC2008FDE17 /* Matchismo */,
			);
		};
/* End PBXProject section */

/* Begin PBXResourcesBuildPhase section */
		CFEB9DBB17BE8AC2008FDE17 /* Resources */ = {
			isa = PBXResourcesBuildPhase;
			buildActionMask = 2147483647;
			files = (
				CFEB9DCB17BE8AC2008FDE17 /* InfoPlist.strings in Resources */,
				CFEB9DD317BE8AC2008FDE17 /* Default.png in Resources */,
				CFEB9DD517BE8AC2008FDE17 /* Default@2x.png in Resources */,
				CFEB9DD717BE8AC2008FDE17 /* Default-568h@2x.png in Resources */,
				CFEB9DDA17BE8AC2008FDE17 /* MainStoryboard.storyboard in Resources */,
				14810D1817D6F7B6008C7799 /* cardback.png in Resources */,
				140FC1CF17D81C7600E19384 /* J\U2660.jpg in Resources */,
				140FC1D017D81C7600E19384 /* J\U2660@2x.jpg in Resources */,
				140FC1D117D81C7600E19384 /* J\U2663.jpg in Resources */,
				140FC1D217D81C7600E19384 /* J\U2663@2x.jpg in Resources */,
				140FC1D317D81C7600E19384 /* J\U2665.jpg in Resources */,
				140FC1D417D81C7600E19384 /* J\U2665@2x.jpg in Resources */,
				140FC1D517D81C7600E19384 /* J\U2666.jpg in Resources */,
				140FC1D617D81C7600E19384 /* J\U2666@2x.jpg in Resources */,
				140FC1D717D81C7600E19384 /* K\U2660.jpg in Resources */,
				140FC1D817D81C7600E19384 /* K\U2660@2x.jpg in Resources */,
				140FC1D917D81C7600E19384 /* K\U2663.jpg in Resources */,
				140FC1DA17D81C7600E19384 /* K\U2663@2x.jpg in Resources */,
				140FC1DB17D81C7600E19384 /* K\U2665.jpg in Resources */,
				140FC1DC17D81C7600E19384 /* K\U2665@2x.jpg in Resources */,
				140FC1DD17D81C7600E19384 /* K\U2666.jpg in Resources */,
				140FC1DE17D81C7600E19384 /* K\U2666@2x.jpg in Resources */,
				140FC1DF17D81C7600E19384 /* Q\U2660.jpg in Resources */,
				140FC1E017D81C7600E19384 /* Q\U2660@2x.jpg in Resources */,
				140FC1E117D81C7600E19384 /* Q\U2663.jpg in Resources */,
				140FC1E217D81C7600E19384 /* Q\U2663@2x.jpg in Resources */,
				140FC1E317D81C7600E19384 /* Q\U2665.jpg in Resources */,
				140FC1E417D81C7600E19384 /* Q\U2665@2x.jpg in Resources */,
				140FC1E517D81C7600E19384 /* Q\U2666.jpg in Resources */,
				140FC1E617D81C7600E19384 /* Q\U2666@2x.jpg in Resources */,
			);
			runOnlyForDeploymentPostprocessing = 0;
		};
/* End PBXResourcesBuildPhase section */

/* Begin PBXSourcesBuildPhase section */
		CFEB9DB917BE8AC2008FDE17 /* Sources */ = {
			isa = PBXSourcesBuildPhase;
			buildActionMask = 2147483647;
			files = (
				CFEB9DCD17BE8AC2008FDE17 /* main.m in Sources */,
				CFEB9DD117BE8AC2008FDE17 /* CardGameAppDelegate.m in Sources */,
				CFEB9DDD17BE8AC2008FDE17 /* CardGameViewController.m in Sources */,
				CFEB9DE517BE9A0A008FDE17 /* Card.m in Sources */,
				CFEB9DE817BE9A53008FDE17 /* Deck.m in Sources */,
				CFEB9DED17BF0C70008FDE17 /* PlayingCard.m in Sources */,
				CFEB9DF017BF4214008FDE17 /* PlayingCardDeck.m in Sources */,
				CFEA414717C05598000DE6CB /* CardMatchingGame.m in Sources */,
				14938E8017CA82C400B5CFBA /* FlipResult.m in Sources */,
				14938E8317CAFB5800B5CFBA /* SetCardGameViewController.m in Sources */,
				14938E8617CB027000B5CFBA /* SetCard.m in Sources */,
				14938E8917CC46BC00B5CFBA /* SetCardDeck.m in Sources */,
				14938E8C17D296DC00B5CFBA /* PlayingCardGameViewController.m in Sources */,
				1467657D17D6B1F600BECC4A /* PlayingCardView.m in Sources */,
				1467658017D6B94C00BECC4A /* SuperPlayingCardViewController.m in Sources */,
				149627C817D98F4700E76DC1 /* PlayingCardCollectionViewCell.m in Sources */,
				1489385517DBA8FD0093A1A8 /* SetCardVew.m in Sources */,
				1489385817DBB8890093A1A8 /* SuperSetCardViewController.m in Sources */,
				1476292B17DC439D00234DE4 /* SetCardCollectionViewCell.m in Sources */,
			);
			runOnlyForDeploymentPostprocessing = 0;
		};
/* End PBXSourcesBuildPhase section */

/* Begin PBXVariantGroup section */
		CFEB9DC917BE8AC2008FDE17 /* InfoPlist.strings */ = {
			isa = PBXVariantGroup;
			children = (
				CFEB9DCA17BE8AC2008FDE17 /* en */,
			);
			name = InfoPlist.strings;
			sourceTree = "<group>";
		};
		CFEB9DD817BE8AC2008FDE17 /* MainStoryboard.storyboard */ = {
			isa = PBXVariantGroup;
			children = (
				CFEB9DD917BE8AC2008FDE17 /* en */,
			);
			name = MainStoryboard.storyboard;
			sourceTree = "<group>";
		};
/* End PBXVariantGroup section */

/* Begin XCBuildConfiguration section */
		CFEB9DDE17BE8AC2008FDE17 /* Debug */ = {
			isa = XCBuildConfiguration;
			buildSettings = {
				ALWAYS_SEARCH_USER_PATHS = NO;
				CLANG_CXX_LANGUAGE_STANDARD = "gnu++0x";
				CLANG_CXX_LIBRARY = "libc++";
				CLANG_ENABLE_OBJC_ARC = YES;
				CLANG_WARN_CONSTANT_CONVERSION = YES;
				CLANG_WARN_EMPTY_BODY = YES;
				CLANG_WARN_ENUM_CONVERSION = YES;
				CLANG_WARN_INT_CONVERSION = YES;
				CLANG_WARN__DUPLICATE_METHOD_MATCH = YES;
				"CODE_SIGN_IDENTITY[sdk=iphoneos*]" = "iPhone Developer";
				COPY_PHASE_STRIP = NO;
				GCC_C_LANGUAGE_STANDARD = gnu99;
				GCC_DYNAMIC_NO_PIC = NO;
				GCC_OPTIMIZATION_LEVEL = 0;
				GCC_PREPROCESSOR_DEFINITIONS = (
					"DEBUG=1",
					"$(inherited)",
				);
				GCC_SYMBOLS_PRIVATE_EXTERN = NO;
				GCC_WARN_ABOUT_RETURN_TYPE = YES;
				GCC_WARN_UNINITIALIZED_AUTOS = YES;
				GCC_WARN_UNUSED_VARIABLE = YES;
				ONLY_ACTIVE_ARCH = YES;
				SDKROOT = iphoneos;
			};
			name = Debug;
		};
		CFEB9DDF17BE8AC2008FDE17 /* Release */ = {
			isa = XCBuildConfiguration;
			buildSettings = {
				ALWAYS_SEARCH_USER_PATHS = NO;
				CLANG_CXX_LANGUAGE_STANDARD = "gnu++0x";
				CLANG_CXX_LIBRARY = "libc++";
				CLANG_ENABLE_OBJC_ARC = YES;
				CLANG_WARN_CONSTANT_CONVERSION = YES;
				CLANG_WARN_EMPTY_BODY = YES;
				CLANG_WARN_ENUM_CONVERSION = YES;
				CLANG_WARN_INT_CONVERSION = YES;
				CLANG_WARN__DUPLICATE_METHOD_MATCH = YES;
				"CODE_SIGN_IDENTITY[sdk=iphoneos*]" = "iPhone Developer";
				COPY_PHASE_STRIP = YES;
				GCC_C_LANGUAGE_STANDARD = gnu99;
				GCC_WARN_ABOUT_RETURN_TYPE = YES;
				GCC_WARN_UNINITIALIZED_AUTOS = YES;
				GCC_WARN_UNUSED_VARIABLE = YES;
				OTHER_CFLAGS = "-DNS_BLOCK_ASSERTIONS=1";
				SDKROOT = iphoneos;
				VALIDATE_PRODUCT = YES;
			};
			name = Release;
		};
		CFEB9DE117BE8AC2008FDE17 /* Debug */ = {
			isa = XCBuildConfiguration;
			buildSettings = {
				GCC_PRECOMPILE_PREFIX_HEADER = YES;
				GCC_PREFIX_HEADER = "Matchismo/Matchismo-Prefix.pch";
				INFOPLIST_FILE = "Matchismo/Matchismo-Info.plist";
				PRODUCT_NAME = "$(TARGET_NAME)";
				TARGETED_DEVICE_FAMILY = 1;
				WRAPPER_EXTENSION = app;
			};
			name = Debug;
		};
		CFEB9DE217BE8AC2008FDE17 /* Release */ = {
			isa = XCBuildConfiguration;
			buildSettings = {
				GCC_PRECOMPILE_PREFIX_HEADER = YES;
				GCC_PREFIX_HEADER = "Matchismo/Matchismo-Prefix.pch";
				INFOPLIST_FILE = "Matchismo/Matchismo-Info.plist";
				PRODUCT_NAME = "$(TARGET_NAME)";
				TARGETED_DEVICE_FAMILY = 1;
				WRAPPER_EXTENSION = app;
			};
			name = Release;
		};
/* End XCBuildConfiguration section */

/* Begin XCConfigurationList section */
		CFEB9DB817BE8AC1008FDE17 /* Build configuration list for PBXProject "Matchismo" */ = {
			isa = XCConfigurationList;
			buildConfigurations = (
				CFEB9DDE17BE8AC2008FDE17 /* Debug */,
				CFEB9DDF17BE8AC2008FDE17 /* Release */,
			);
			defaultConfigurationIsVisible = 0;
			defaultConfigurationName = Release;
		};
		CFEB9DE017BE8AC2008FDE17 /* Build configuration list for PBXNativeTarget "Matchismo" */ = {
			isa = XCConfigurationList;
			buildConfigurations = (
				CFEB9DE117BE8AC2008FDE17 /* Debug */,
				CFEB9DE217BE8AC2008FDE17 /* Release */,
			);
			defaultConfigurationIsVisible = 0;
			defaultConfigurationName = Release;
		};
/* End XCConfigurationList section */
	};
	rootObject = CFEB9DB517BE8AC1008FDE17 /* Project object */;
}
